
Microsoft Visual Studio Solution File, Format Version 12.00
# Visual Studio Version 16
VisualStudioVersion = 16.0.32002.261
MinimumVisualStudioVersion = 10.0.40219.1
Project("{FAE04EC0-301F-11D3-BF4B-00C04F79EFBC}") = "student_registration", "student_registration\student_registration.csproj", "{709B062A-918C-46DB-BF3E-B2DE976805CB}"
EndProject
Global
	GlobalSection(SolutionConfigurationPlatforms) = preSolution
		Debug|Any CPU = Debug|Any CPU
		Release|Any CPU = Release|Any CPU
	EndGlobalSection
	GlobalSection(ProjectConfigurationPlatforms) = postSolution
		{709B062A-918C-46DB-BF3E-B2DE976805CB}.Debug|Any CPU.ActiveCfg = Debug|Any CPU
		{709B062A-918C-46DB-BF3E-B2DE976805CB}.Debug|Any CPU.Build.0 = Debug|Any CPU
		{709B062A-918C-46DB-BF3E-B2DE976805CB}.Release|Any CPU.ActiveCfg = Release|Any CPU
		{709B062A-918C-46DB-BF3E-B2DE976805CB}.Release|Any CPU.Build.0 = Release|Any CPU
	EndGlobalSection
	GlobalSection(SolutionProperties) = preSolution
		HideSolutionNode = FALSE
	EndGlobalSection
	GlobalSection(ExtensibilityGlobals) = postSolution
		SolutionGuid = {FD9B2847-E882-4C06-9C19-67E70E9CA7C2}
	EndGlobalSection
EndGlobal
