
Microsoft Visual Studio Solution File, Format Version 12.00
# Visual Studio Version 16
VisualStudioVersion = 16.0.32002.261
MinimumVisualStudioVersion = 10.0.40219.1
Project("{FAE04EC0-301F-11D3-BF4B-00C04F79EFBC}") = "Instructions", "Instructions\Instructions.csproj", "{29599810-9F9D-48CD-A08A-03B18899AEC4}"
EndProject
Global
	GlobalSection(SolutionConfigurationPlatforms) = preSolution
		Debug|Any CPU = Debug|Any CPU
		Release|Any CPU = Release|Any CPU
	EndGlobalSection
	GlobalSection(ProjectConfigurationPlatforms) = postSolution
		{29599810-9F9D-48CD-A08A-03B18899AEC4}.Debug|Any CPU.ActiveCfg = Debug|Any CPU
		{29599810-9F9D-48CD-A08A-03B18899AEC4}.Debug|Any CPU.Build.0 = Debug|Any CPU
		{29599810-9F9D-48CD-A08A-03B18899AEC4}.Release|Any CPU.ActiveCfg = Release|Any CPU
		{29599810-9F9D-48CD-A08A-03B18899AEC4}.Release|Any CPU.Build.0 = Release|Any CPU
	EndGlobalSection
	GlobalSection(SolutionProperties) = preSolution
		HideSolutionNode = FALSE
	EndGlobalSection
	GlobalSection(ExtensibilityGlobals) = postSolution
		SolutionGuid = {D216AC4D-79A5-4C65-ADD8-274D6CB9B08D}
	EndGlobalSection
EndGlobal
